
Microsoft Visual Studio Solution File, Format Version 12.00
# Visual Studio 15
Project("{FAE04EC0-301F-11D3-BF4B-00C04F79EFBC}") = "Assembly-CSharp", "Assembly-CSharp.csproj", "{C760E30A-62F4-2EFE-3914-BE2E6CBFE772}"
EndProject
Global
	GlobalSection(SolutionConfigurationPlatforms) = preSolution
		Debug|Any CPU = Debug|Any CPU
		Release|Any CPU = Release|Any CPU
	EndGlobalSection
	GlobalSection(ProjectConfigurationPlatforms) = postSolution
		{C760E30A-62F4-2EFE-3914-BE2E6CBFE772}.Debug|Any CPU.ActiveCfg = Debug|Any CPU
		{C760E30A-62F4-2EFE-3914-BE2E6CBFE772}.Debug|Any CPU.Build.0 = Debug|Any CPU
		{C760E30A-62F4-2EFE-3914-BE2E6CBFE772}.Release|Any CPU.ActiveCfg = Release|Any CPU
		{C760E30A-62F4-2EFE-3914-BE2E6CBFE772}.Release|Any CPU.Build.0 = Release|Any CPU
	EndGlobalSection
	GlobalSection(SolutionProperties) = preSolution
		HideSolutionNode = FALSE
	EndGlobalSection
EndGlobal
